
Microsoft Visual Studio Solution File, Format Version 12.00
# Visual Studio 15
Project("{FAE04EC0-301F-11D3-BF4B-00C04F79EFBC}") = "Tongue Jumper", "Assembly-CSharp.csproj", "{F60ED6CA-1B5A-2F70-877B-59E0C373DA58}"
EndProject
Global
	GlobalSection(SolutionConfigurationPlatforms) = preSolution
		Debug|Any CPU = Debug|Any CPU
		Release|Any CPU = Release|Any CPU
	EndGlobalSection
	GlobalSection(ProjectConfigurationPlatforms) = postSolution
		{F60ED6CA-1B5A-2F70-877B-59E0C373DA58}.Debug|Any CPU.ActiveCfg = Debug|Any CPU
		{F60ED6CA-1B5A-2F70-877B-59E0C373DA58}.Debug|Any CPU.Build.0 = Debug|Any CPU
		{F60ED6CA-1B5A-2F70-877B-59E0C373DA58}.Release|Any CPU.ActiveCfg = Release|Any CPU
		{F60ED6CA-1B5A-2F70-877B-59E0C373DA58}.Release|Any CPU.Build.0 = Release|Any CPU
	EndGlobalSection
	GlobalSection(SolutionProperties) = preSolution
		HideSolutionNode = FALSE
	EndGlobalSection
EndGlobal
